
Microsoft Visual Studio Solution File, Format Version 12.00
# Visual Studio Version 16
VisualStudioVersion = 16.0.30330.147
MinimumVisualStudioVersion = 10.0.40219.1
Project("{FAE04EC0-301F-11D3-BF4B-00C04F79EFBC}") = "LibraryManagement", "LibraryManagement.csproj", "{327E2560-B9D6-413C-8AF1-13472A42D80B}"
EndProject
Global
	GlobalSection(SolutionConfigurationPlatforms) = preSolution
		Debug|Any CPU = Debug|Any CPU
		Release|Any CPU = Release|Any CPU
	EndGlobalSection
	GlobalSection(ProjectConfigurationPlatforms) = postSolution
		{327E2560-B9D6-413C-8AF1-13472A42D80B}.Debug|Any CPU.ActiveCfg = Debug|Any CPU
		{327E2560-B9D6-413C-8AF1-13472A42D80B}.Debug|Any CPU.Build.0 = Debug|Any CPU
		{327E2560-B9D6-413C-8AF1-13472A42D80B}.Release|Any CPU.ActiveCfg = Release|Any CPU
		{327E2560-B9D6-413C-8AF1-13472A42D80B}.Release|Any CPU.Build.0 = Release|Any CPU
	EndGlobalSection
	GlobalSection(SolutionProperties) = preSolution
		HideSolutionNode = FALSE
	EndGlobalSection
	GlobalSection(ExtensibilityGlobals) = postSolution
		SolutionGuid = {0D762E93-29BE-4F22-97A9-77D4B4588FC9}
	EndGlobalSection
EndGlobal
